
Microsoft Visual Studio Solution File, Format Version 12.00
# Visual Studio 15
VisualStudioVersion = 15.0.27004.2008
MinimumVisualStudioVersion = 10.0.40219.1
Project("{FAE04EC0-301F-11D3-BF4B-00C04F79EFBC}") = "Sorting", "Sorting\Sorting.csproj", "{31B68D11-DBD4-4E3D-8C58-981DC4E3DE57}"
EndProject
Project("{FAE04EC0-301F-11D3-BF4B-00C04F79EFBC}") = "Sorting.Tests", "Sorting.Tests\Sorting.Tests.csproj", "{65C2BBB7-B71E-41C4-8030-B72EDA831695}"
EndProject
Global
	GlobalSection(SolutionConfigurationPlatforms) = preSolution
		Debug|Any CPU = Debug|Any CPU
		Release|Any CPU = Release|Any CPU
	EndGlobalSection
	GlobalSection(ProjectConfigurationPlatforms) = postSolution
		{31B68D11-DBD4-4E3D-8C58-981DC4E3DE57}.Debug|Any CPU.ActiveCfg = Debug|Any CPU
		{31B68D11-DBD4-4E3D-8C58-981DC4E3DE57}.Debug|Any CPU.Build.0 = Debug|Any CPU
		{31B68D11-DBD4-4E3D-8C58-981DC4E3DE57}.Release|Any CPU.ActiveCfg = Release|Any CPU
		{31B68D11-DBD4-4E3D-8C58-981DC4E3DE57}.Release|Any CPU.Build.0 = Release|Any CPU
		{65C2BBB7-B71E-41C4-8030-B72EDA831695}.Debug|Any CPU.ActiveCfg = Debug|Any CPU
		{65C2BBB7-B71E-41C4-8030-B72EDA831695}.Debug|Any CPU.Build.0 = Debug|Any CPU
		{65C2BBB7-B71E-41C4-8030-B72EDA831695}.Release|Any CPU.ActiveCfg = Release|Any CPU
		{65C2BBB7-B71E-41C4-8030-B72EDA831695}.Release|Any CPU.Build.0 = Release|Any CPU
	EndGlobalSection
	GlobalSection(SolutionProperties) = preSolution
		HideSolutionNode = FALSE
	EndGlobalSection
	GlobalSection(ExtensibilityGlobals) = postSolution
		SolutionGuid = {7F4E8020-1106-4F66-9E89-4A0630C29FAE}
	EndGlobalSection
EndGlobal
